
Microsoft Visual Studio Solution File, Format Version 12.00
# Visual Studio 2012
Project("{FAE04EC0-301F-11D3-BF4B-00C04F79EFBC}") = "Quartz.API", "Quartz.API\Quartz.API.csproj", "{3283F7F6-C6B7-48F1-8C48-FFD6B6D329B2}"
EndProject
Project("{FAE04EC0-301F-11D3-BF4B-00C04F79EFBC}") = "Quartz.API.Tests", "Quartz.API.Tests\Quartz.API.Tests.csproj", "{3950C971-10B3-4B6E-A918-0BF6C25E2507}"
EndProject
Project("{2150E333-8FDC-42A3-9474-1A3956D46DE8}") = ".nuget", ".nuget", "{C14F964E-9E7C-4335-812A-1CD3C4E6E0D0}"
	ProjectSection(SolutionItems) = preProject
		.nuget\packages.config = .nuget\packages.config
	EndProjectSection
EndProject
Global
	GlobalSection(SolutionConfigurationPlatforms) = preSolution
		Debug|Any CPU = Debug|Any CPU
		Release|Any CPU = Release|Any CPU
	EndGlobalSection
	GlobalSection(ProjectConfigurationPlatforms) = postSolution
		{3283F7F6-C6B7-48F1-8C48-FFD6B6D329B2}.Debug|Any CPU.ActiveCfg = Debug|Any CPU
		{3283F7F6-C6B7-48F1-8C48-FFD6B6D329B2}.Debug|Any CPU.Build.0 = Debug|Any CPU
		{3283F7F6-C6B7-48F1-8C48-FFD6B6D329B2}.Release|Any CPU.ActiveCfg = Release|Any CPU
		{3283F7F6-C6B7-48F1-8C48-FFD6B6D329B2}.Release|Any CPU.Build.0 = Release|Any CPU
		{3950C971-10B3-4B6E-A918-0BF6C25E2507}.Debug|Any CPU.ActiveCfg = Debug|Any CPU
		{3950C971-10B3-4B6E-A918-0BF6C25E2507}.Debug|Any CPU.Build.0 = Debug|Any CPU
		{3950C971-10B3-4B6E-A918-0BF6C25E2507}.Release|Any CPU.ActiveCfg = Release|Any CPU
		{3950C971-10B3-4B6E-A918-0BF6C25E2507}.Release|Any CPU.Build.0 = Release|Any CPU
	EndGlobalSection
	GlobalSection(SolutionProperties) = preSolution
		HideSolutionNode = FALSE
	EndGlobalSection
EndGlobal
